{
  "version": 4,
  "terraform_version": "0.12.28",
  "serial": 1,
  "lineage": "6c5a461a-6d23-fea6-2339-f6476450eb4b",
  "outputs": {},
  "resources": [
    {
      "module": "module.user_module",
      "mode": "managed",
      "type": "aws_iam_user",
      "name": "my_iam_user",
      "provider": "module.user_module.provider.aws",
      "instances": [
        {
          "schema_version": 0,
          "attributes": {
            "arn": "arn:aws:iam::325862842049:user/my_iam_user_abc_dev",
            "force_destroy": false,
            "id": "my_iam_user_abc_dev",
            "name": "my_iam_user_abc_dev",
            "path": "/",
            "permissions_boundary": null,
            "tags": null,
            "unique_id": "AIDAUXXXQL3AZL3GP7PCK"
          },
          "private": "bnVsbA=="
        }
      ]
    }
  ]
}
